
Microsoft Visual Studio Solution File, Format Version 12.00
# Visual Studio Version 16
VisualStudioVersion = 16.0.31424.327
MinimumVisualStudioVersion = 10.0.40219.1
Project("{FAE04EC0-301F-11D3-BF4B-00C04F79EFBC}") = "classesHW3", "classesHW3.csproj", "{A08EE7C7-2901-49CD-963F-CA827A79B6C7}"
EndProject
Global
	GlobalSection(SolutionConfigurationPlatforms) = preSolution
		Debug|Any CPU = Debug|Any CPU
		Release|Any CPU = Release|Any CPU
	EndGlobalSection
	GlobalSection(ProjectConfigurationPlatforms) = postSolution
		{A08EE7C7-2901-49CD-963F-CA827A79B6C7}.Debug|Any CPU.ActiveCfg = Debug|Any CPU
		{A08EE7C7-2901-49CD-963F-CA827A79B6C7}.Debug|Any CPU.Build.0 = Debug|Any CPU
		{A08EE7C7-2901-49CD-963F-CA827A79B6C7}.Release|Any CPU.ActiveCfg = Release|Any CPU
		{A08EE7C7-2901-49CD-963F-CA827A79B6C7}.Release|Any CPU.Build.0 = Release|Any CPU
	EndGlobalSection
	GlobalSection(SolutionProperties) = preSolution
		HideSolutionNode = FALSE
	EndGlobalSection
	GlobalSection(ExtensibilityGlobals) = postSolution
		SolutionGuid = {B7911769-68FB-46DE-A121-EFDC56706073}
	EndGlobalSection
EndGlobal
